
Microsoft Visual Studio Solution File, Format Version 12.00
# Visual Studio 15
VisualStudioVersion = 15.0.26403.7
MinimumVisualStudioVersion = 10.0.40219.1
Project("{FAE04EC0-301F-11D3-BF4B-00C04F79EFBC}") = "Chain.BLL", "Chain.BLL\Chain.BLL.csproj", "{F6F8FCE9-036D-4AE8-995A-B79B30254683}"
EndProject
Project("{FAE04EC0-301F-11D3-BF4B-00C04F79EFBC}") = "Chain.Common", "Chain.Common\Chain.Common.csproj", "{090104C1-9F6A-465F-B786-5C855C712F96}"
EndProject
Project("{FAE04EC0-301F-11D3-BF4B-00C04F79EFBC}") = "Chain.DBUtility", "Chain.DBUtility\Chain.DBUtility.csproj", "{62A325F6-EF3B-48DB-A864-DD414477CDCD}"
EndProject
Project("{FAE04EC0-301F-11D3-BF4B-00C04F79EFBC}") = "Chain.IDAL", "Chain.IDAL\Chain.IDAL.csproj", "{0A3605C2-B0E0-4D9F-947C-6358CA447783}"
EndProject
Project("{FAE04EC0-301F-11D3-BF4B-00C04F79EFBC}") = "Chain.Tasks", "Chain.Tasks\Chain.Tasks.csproj", "{9014C5B6-CD06-4D5E-97FF-B02EEC8D2608}"
EndProject
Project("{FAE04EC0-301F-11D3-BF4B-00C04F79EFBC}") = "Chain.Wechat", "Chain.Wechat\Chain.Wechat.csproj", "{D559B660-D375-463F-A724-FE72C04721F2}"
EndProject
Project("{FAE04EC0-301F-11D3-BF4B-00C04F79EFBC}") = "Chain.Model", "Chain.Model\Chain.Model.csproj", "{0FB85452-7506-46A7-9491-0997823482D0}"
EndProject
Project("{FAE04EC0-301F-11D3-BF4B-00C04F79EFBC}") = "ChainStock", "ChainStock\ChainStock.csproj", "{F9356FC2-D525-49D3-8AB7-CBDFE5557389}"
EndProject
Project("{FAE04EC0-301F-11D3-BF4B-00C04F79EFBC}") = "ChainStockForm", "ChainStockForm\ChainStockForm.csproj", "{9B656A74-DCC7-4000-BADA-898D77ADC32F}"
EndProject
Project("{54435603-DBB4-11D2-8724-00A0C9A8B90C}") = "Setup", "Setup\Setup.vdproj", "{D5F296F0-AC7D-4F3A-AF67-B9AA0A81A334}"
EndProject
Global
	GlobalSection(SolutionConfigurationPlatforms) = preSolution
		CD_ROM|Any CPU = CD_ROM|Any CPU
		Debug|Any CPU = Debug|Any CPU
		DVD-5|Any CPU = DVD-5|Any CPU
		Release|Any CPU = Release|Any CPU
		SingleImage|Any CPU = SingleImage|Any CPU
	EndGlobalSection
	GlobalSection(ProjectConfigurationPlatforms) = postSolution
		{F6F8FCE9-036D-4AE8-995A-B79B30254683}.CD_ROM|Any CPU.ActiveCfg = Release|Any CPU
		{F6F8FCE9-036D-4AE8-995A-B79B30254683}.CD_ROM|Any CPU.Build.0 = Release|Any CPU
		{F6F8FCE9-036D-4AE8-995A-B79B30254683}.Debug|Any CPU.ActiveCfg = Debug|Any CPU
		{F6F8FCE9-036D-4AE8-995A-B79B30254683}.Debug|Any CPU.Build.0 = Debug|Any CPU
		{F6F8FCE9-036D-4AE8-995A-B79B30254683}.DVD-5|Any CPU.ActiveCfg = Debug|Any CPU
		{F6F8FCE9-036D-4AE8-995A-B79B30254683}.DVD-5|Any CPU.Build.0 = Debug|Any CPU
		{F6F8FCE9-036D-4AE8-995A-B79B30254683}.Release|Any CPU.ActiveCfg = Release|Any CPU
		{F6F8FCE9-036D-4AE8-995A-B79B30254683}.Release|Any CPU.Build.0 = Release|Any CPU
		{F6F8FCE9-036D-4AE8-995A-B79B30254683}.SingleImage|Any CPU.ActiveCfg = Release|Any CPU
		{F6F8FCE9-036D-4AE8-995A-B79B30254683}.SingleImage|Any CPU.Build.0 = Release|Any CPU
		{090104C1-9F6A-465F-B786-5C855C712F96}.CD_ROM|Any CPU.ActiveCfg = Release|Any CPU
		{090104C1-9F6A-465F-B786-5C855C712F96}.CD_ROM|Any CPU.Build.0 = Release|Any CPU
		{090104C1-9F6A-465F-B786-5C855C712F96}.Debug|Any CPU.ActiveCfg = Debug|Any CPU
		{090104C1-9F6A-465F-B786-5C855C712F96}.Debug|Any CPU.Build.0 = Debug|Any CPU
		{090104C1-9F6A-465F-B786-5C855C712F96}.DVD-5|Any CPU.ActiveCfg = Debug|Any CPU
		{090104C1-9F6A-465F-B786-5C855C712F96}.DVD-5|Any CPU.Build.0 = Debug|Any CPU
		{090104C1-9F6A-465F-B786-5C855C712F96}.Release|Any CPU.ActiveCfg = Release|Any CPU
		{090104C1-9F6A-465F-B786-5C855C712F96}.Release|Any CPU.Build.0 = Release|Any CPU
		{090104C1-9F6A-465F-B786-5C855C712F96}.SingleImage|Any CPU.ActiveCfg = Release|Any CPU
		{090104C1-9F6A-465F-B786-5C855C712F96}.SingleImage|Any CPU.Build.0 = Release|Any CPU
		{62A325F6-EF3B-48DB-A864-DD414477CDCD}.CD_ROM|Any CPU.ActiveCfg = Release|Any CPU
		{62A325F6-EF3B-48DB-A864-DD414477CDCD}.CD_ROM|Any CPU.Build.0 = Release|Any CPU
		{62A325F6-EF3B-48DB-A864-DD414477CDCD}.Debug|Any CPU.ActiveCfg = Debug|Any CPU
		{62A325F6-EF3B-48DB-A864-DD414477CDCD}.Debug|Any CPU.Build.0 = Debug|Any CPU
		{62A325F6-EF3B-48DB-A864-DD414477CDCD}.DVD-5|Any CPU.ActiveCfg = Debug|Any CPU
		{62A325F6-EF3B-48DB-A864-DD414477CDCD}.DVD-5|Any CPU.Build.0 = Debug|Any CPU
		{62A325F6-EF3B-48DB-A864-DD414477CDCD}.Release|Any CPU.ActiveCfg = Release|Any CPU
		{62A325F6-EF3B-48DB-A864-DD414477CDCD}.Release|Any CPU.Build.0 = Release|Any CPU
		{62A325F6-EF3B-48DB-A864-DD414477CDCD}.SingleImage|Any CPU.ActiveCfg = Release|Any CPU
		{62A325F6-EF3B-48DB-A864-DD414477CDCD}.SingleImage|Any CPU.Build.0 = Release|Any CPU
		{0A3605C2-B0E0-4D9F-947C-6358CA447783}.CD_ROM|Any CPU.ActiveCfg = Release|Any CPU
		{0A3605C2-B0E0-4D9F-947C-6358CA447783}.CD_ROM|Any CPU.Build.0 = Release|Any CPU
		{0A3605C2-B0E0-4D9F-947C-6358CA447783}.Debug|Any CPU.ActiveCfg = Debug|Any CPU
		{0A3605C2-B0E0-4D9F-947C-6358CA447783}.Debug|Any CPU.Build.0 = Debug|Any CPU
		{0A3605C2-B0E0-4D9F-947C-6358CA447783}.DVD-5|Any CPU.ActiveCfg = Debug|Any CPU
		{0A3605C2-B0E0-4D9F-947C-6358CA447783}.DVD-5|Any CPU.Build.0 = Debug|Any CPU
		{0A3605C2-B0E0-4D9F-947C-6358CA447783}.Release|Any CPU.ActiveCfg = Release|Any CPU
		{0A3605C2-B0E0-4D9F-947C-6358CA447783}.Release|Any CPU.Build.0 = Release|Any CPU
		{0A3605C2-B0E0-4D9F-947C-6358CA447783}.SingleImage|Any CPU.ActiveCfg = Release|Any CPU
		{0A3605C2-B0E0-4D9F-947C-6358CA447783}.SingleImage|Any CPU.Build.0 = Release|Any CPU
		{9014C5B6-CD06-4D5E-97FF-B02EEC8D2608}.CD_ROM|Any CPU.ActiveCfg = Release|Any CPU
		{9014C5B6-CD06-4D5E-97FF-B02EEC8D2608}.CD_ROM|Any CPU.Build.0 = Release|Any CPU
		{9014C5B6-CD06-4D5E-97FF-B02EEC8D2608}.Debug|Any CPU.ActiveCfg = Debug|Any CPU
		{9014C5B6-CD06-4D5E-97FF-B02EEC8D2608}.Debug|Any CPU.Build.0 = Debug|Any CPU
		{9014C5B6-CD06-4D5E-97FF-B02EEC8D2608}.DVD-5|Any CPU.ActiveCfg = Debug|Any CPU
		{9014C5B6-CD06-4D5E-97FF-B02EEC8D2608}.DVD-5|Any CPU.Build.0 = Debug|Any CPU
		{9014C5B6-CD06-4D5E-97FF-B02EEC8D2608}.Release|Any CPU.ActiveCfg = Release|Any CPU
		{9014C5B6-CD06-4D5E-97FF-B02EEC8D2608}.Release|Any CPU.Build.0 = Release|Any CPU
		{9014C5B6-CD06-4D5E-97FF-B02EEC8D2608}.SingleImage|Any CPU.ActiveCfg = Release|Any CPU
		{9014C5B6-CD06-4D5E-97FF-B02EEC8D2608}.SingleImage|Any CPU.Build.0 = Release|Any CPU
		{D559B660-D375-463F-A724-FE72C04721F2}.CD_ROM|Any CPU.ActiveCfg = Release|Any CPU
		{D559B660-D375-463F-A724-FE72C04721F2}.CD_ROM|Any CPU.Build.0 = Release|Any CPU
		{D559B660-D375-463F-A724-FE72C04721F2}.Debug|Any CPU.ActiveCfg = Debug|Any CPU
		{D559B660-D375-463F-A724-FE72C04721F2}.Debug|Any CPU.Build.0 = Debug|Any CPU
		{D559B660-D375-463F-A724-FE72C04721F2}.DVD-5|Any CPU.ActiveCfg = Debug|Any CPU
		{D559B660-D375-463F-A724-FE72C04721F2}.DVD-5|Any CPU.Build.0 = Debug|Any CPU
		{D559B660-D375-463F-A724-FE72C04721F2}.Release|Any CPU.ActiveCfg = Release|Any CPU
		{D559B660-D375-463F-A724-FE72C04721F2}.Release|Any CPU.Build.0 = Release|Any CPU
		{D559B660-D375-463F-A724-FE72C04721F2}.SingleImage|Any CPU.ActiveCfg = Release|Any CPU
		{D559B660-D375-463F-A724-FE72C04721F2}.SingleImage|Any CPU.Build.0 = Release|Any CPU
		{0FB85452-7506-46A7-9491-0997823482D0}.CD_ROM|Any CPU.ActiveCfg = Release|Any CPU
		{0FB85452-7506-46A7-9491-0997823482D0}.CD_ROM|Any CPU.Build.0 = Release|Any CPU
		{0FB85452-7506-46A7-9491-0997823482D0}.Debug|Any CPU.ActiveCfg = Debug|Any CPU
		{0FB85452-7506-46A7-9491-0997823482D0}.Debug|Any CPU.Build.0 = Debug|Any CPU
		{0FB85452-7506-46A7-9491-0997823482D0}.DVD-5|Any CPU.ActiveCfg = Debug|Any CPU
		{0FB85452-7506-46A7-9491-0997823482D0}.DVD-5|Any CPU.Build.0 = Debug|Any CPU
		{0FB85452-7506-46A7-9491-0997823482D0}.Release|Any CPU.ActiveCfg = Release|Any CPU
		{0FB85452-7506-46A7-9491-0997823482D0}.Release|Any CPU.Build.0 = Release|Any CPU
		{0FB85452-7506-46A7-9491-0997823482D0}.SingleImage|Any CPU.ActiveCfg = Release|Any CPU
		{0FB85452-7506-46A7-9491-0997823482D0}.SingleImage|Any CPU.Build.0 = Release|Any CPU
		{F9356FC2-D525-49D3-8AB7-CBDFE5557389}.CD_ROM|Any CPU.ActiveCfg = Release|Any CPU
		{F9356FC2-D525-49D3-8AB7-CBDFE5557389}.CD_ROM|Any CPU.Build.0 = Release|Any CPU
		{F9356FC2-D525-49D3-8AB7-CBDFE5557389}.Debug|Any CPU.ActiveCfg = Debug|Any CPU
		{F9356FC2-D525-49D3-8AB7-CBDFE5557389}.Debug|Any CPU.Build.0 = Debug|Any CPU
		{F9356FC2-D525-49D3-8AB7-CBDFE5557389}.DVD-5|Any CPU.ActiveCfg = Debug|Any CPU
		{F9356FC2-D525-49D3-8AB7-CBDFE5557389}.DVD-5|Any CPU.Build.0 = Debug|Any CPU
		{F9356FC2-D525-49D3-8AB7-CBDFE5557389}.Release|Any CPU.ActiveCfg = Release|Any CPU
		{F9356FC2-D525-49D3-8AB7-CBDFE5557389}.Release|Any CPU.Build.0 = Release|Any CPU
		{F9356FC2-D525-49D3-8AB7-CBDFE5557389}.SingleImage|Any CPU.ActiveCfg = Release|Any CPU
		{F9356FC2-D525-49D3-8AB7-CBDFE5557389}.SingleImage|Any CPU.Build.0 = Release|Any CPU
		{9B656A74-DCC7-4000-BADA-898D77ADC32F}.CD_ROM|Any CPU.ActiveCfg = Release|Any CPU
		{9B656A74-DCC7-4000-BADA-898D77ADC32F}.CD_ROM|Any CPU.Build.0 = Release|Any CPU
		{9B656A74-DCC7-4000-BADA-898D77ADC32F}.Debug|Any CPU.ActiveCfg = Debug|Any CPU
		{9B656A74-DCC7-4000-BADA-898D77ADC32F}.Debug|Any CPU.Build.0 = Debug|Any CPU
		{9B656A74-DCC7-4000-BADA-898D77ADC32F}.DVD-5|Any CPU.ActiveCfg = Debug|Any CPU
		{9B656A74-DCC7-4000-BADA-898D77ADC32F}.DVD-5|Any CPU.Build.0 = Debug|Any CPU
		{9B656A74-DCC7-4000-BADA-898D77ADC32F}.Release|Any CPU.ActiveCfg = Release|Any CPU
		{9B656A74-DCC7-4000-BADA-898D77ADC32F}.Release|Any CPU.Build.0 = Release|Any CPU
		{9B656A74-DCC7-4000-BADA-898D77ADC32F}.SingleImage|Any CPU.ActiveCfg = Release|Any CPU
		{9B656A74-DCC7-4000-BADA-898D77ADC32F}.SingleImage|Any CPU.Build.0 = Release|Any CPU
		{D5F296F0-AC7D-4F3A-AF67-B9AA0A81A334}.CD_ROM|Any CPU.ActiveCfg = Release
		{D5F296F0-AC7D-4F3A-AF67-B9AA0A81A334}.Debug|Any CPU.ActiveCfg = Debug
		{D5F296F0-AC7D-4F3A-AF67-B9AA0A81A334}.DVD-5|Any CPU.ActiveCfg = Debug
		{D5F296F0-AC7D-4F3A-AF67-B9AA0A81A334}.Release|Any CPU.ActiveCfg = Release
		{D5F296F0-AC7D-4F3A-AF67-B9AA0A81A334}.SingleImage|Any CPU.ActiveCfg = Release
	EndGlobalSection
	GlobalSection(SolutionProperties) = preSolution
		HideSolutionNode = FALSE
	EndGlobalSection
EndGlobal
